
Microsoft Visual Studio Solution File, Format Version 12.00
# Visual Studio Version 17
VisualStudioVersion = 17.3.32929.385
MinimumVisualStudioVersion = 10.0.40219.1
Project("{9A19103F-16F7-4668-BE54-9A1E7A4F7556}") = "Calculator", "Calculator.csproj", "{0D387FB5-BA6D-4516-B7AF-11DC70049DCB}"
EndProject
Project("{FAE04EC0-301F-11D3-BF4B-00C04F79EFBC}") = "CalculatorTests", "..\CalculatorTests\CalculatorTests.csproj", "{E04494A8-EED6-433D-9D7F-594BEE691C5C}"
EndProject
Global
	GlobalSection(SolutionConfigurationPlatforms) = preSolution
		Debug|Any CPU = Debug|Any CPU
		Release|Any CPU = Release|Any CPU
	EndGlobalSection
	GlobalSection(ProjectConfigurationPlatforms) = postSolution
		{0D387FB5-BA6D-4516-B7AF-11DC70049DCB}.Debug|Any CPU.ActiveCfg = Debug|Any CPU
		{0D387FB5-BA6D-4516-B7AF-11DC70049DCB}.Debug|Any CPU.Build.0 = Debug|Any CPU
		{0D387FB5-BA6D-4516-B7AF-11DC70049DCB}.Release|Any CPU.ActiveCfg = Release|Any CPU
		{0D387FB5-BA6D-4516-B7AF-11DC70049DCB}.Release|Any CPU.Build.0 = Release|Any CPU
		{E04494A8-EED6-433D-9D7F-594BEE691C5C}.Debug|Any CPU.ActiveCfg = Debug|Any CPU
		{E04494A8-EED6-433D-9D7F-594BEE691C5C}.Debug|Any CPU.Build.0 = Debug|Any CPU
		{E04494A8-EED6-433D-9D7F-594BEE691C5C}.Release|Any CPU.ActiveCfg = Release|Any CPU
		{E04494A8-EED6-433D-9D7F-594BEE691C5C}.Release|Any CPU.Build.0 = Release|Any CPU
	EndGlobalSection
	GlobalSection(SolutionProperties) = preSolution
		HideSolutionNode = FALSE
	EndGlobalSection
	GlobalSection(ExtensibilityGlobals) = postSolution
		SolutionGuid = {1CEB4CEA-DBC9-4A77-A59B-4B6816C0046F}
	EndGlobalSection
EndGlobal
